Microsoft Visual Studio Solution File, Format Version 11.00
# Visual Studio 2008

Project("{EC225E0B-7C96-103E-171E-495CFDD011C1}") = "First Aid Simulation", "Assembly-CSharp.csproj", "{87F21037-47AC-EFB8-870E-344898474EDB}"
EndProject
Project("{EC225E0B-7C96-103E-171E-495CFDD011C1}") = "First Aid Simulation", "Assembly-CSharp-Editor.csproj", "{711A09D9-E193-1A12-D8C0-5A6B5AAB65D3}"
EndProject
Global
	GlobalSection(SolutionConfigurationPlatforms) = preSolution
		Debug|Any CPU = Debug|Any CPU
		Release|Any CPU = Release|Any CPU
	EndGlobalSection
	GlobalSection(ProjectConfigurationPlatforms) = postSolution
		{87F21037-47AC-EFB8-870E-344898474EDB}.Debug|Any CPU.ActiveCfg = Debug|Any CPU
		{87F21037-47AC-EFB8-870E-344898474EDB}.Debug|Any CPU.Build.0 = Debug|Any CPU
		{87F21037-47AC-EFB8-870E-344898474EDB}.Release|Any CPU.ActiveCfg = Release|Any CPU
		{87F21037-47AC-EFB8-870E-344898474EDB}.Release|Any CPU.Build.0 = Release|Any CPU
		{711A09D9-E193-1A12-D8C0-5A6B5AAB65D3}.Debug|Any CPU.ActiveCfg = Debug|Any CPU
		{711A09D9-E193-1A12-D8C0-5A6B5AAB65D3}.Debug|Any CPU.Build.0 = Debug|Any CPU
		{711A09D9-E193-1A12-D8C0-5A6B5AAB65D3}.Release|Any CPU.ActiveCfg = Release|Any CPU
		{711A09D9-E193-1A12-D8C0-5A6B5AAB65D3}.Release|Any CPU.Build.0 = Release|Any CPU
	EndGlobalSection
	GlobalSection(SolutionProperties) = preSolution
		HideSolutionNode = FALSE
	EndGlobalSection
	GlobalSection(MonoDevelopProperties) = preSolution
		StartupItem = Assembly-CSharp.csproj
	EndGlobalSection
EndGlobal
